
Microsoft Visual Studio Solution File, Format Version 12.00
# Visual Studio Version 17
VisualStudioVersion = 17.14.36203.30 d17.14
MinimumVisualStudioVersion = 10.0.40219.1
Project("{FAE04EC0-301F-11D3-BF4B-00C04F79EFBC}") = "ProjectCRUD", "ProjectCRUD\ProjectCRUD.csproj", "{94CC8CC3-9360-4EBD-8F86-122E9648DCFC}"
EndProject
Global
	GlobalSection(SolutionConfigurationPlatforms) = preSolution
		Debug|Any CPU = Debug|Any CPU
		Release|Any CPU = Release|Any CPU
	EndGlobalSection
	GlobalSection(ProjectConfigurationPlatforms) = postSolution
		{94CC8CC3-9360-4EBD-8F86-122E9648DCFC}.Debug|Any CPU.ActiveCfg = Debug|Any CPU
		{94CC8CC3-9360-4EBD-8F86-122E9648DCFC}.Debug|Any CPU.Build.0 = Debug|Any CPU
		{94CC8CC3-9360-4EBD-8F86-122E9648DCFC}.Release|Any CPU.ActiveCfg = Release|Any CPU
		{94CC8CC3-9360-4EBD-8F86-122E9648DCFC}.Release|Any CPU.Build.0 = Release|Any CPU
	EndGlobalSection
	GlobalSection(SolutionProperties) = preSolution
		HideSolutionNode = FALSE
	EndGlobalSection
	GlobalSection(ExtensibilityGlobals) = postSolution
		SolutionGuid = {104663FA-4C35-4229-9C74-D16FD1F1A6D3}
	EndGlobalSection
EndGlobal
